// !$*UTF8*$!
{
	archiveVersion = 1;
	classes = {
	};
	objectVersion = 46;
	objects = {

/* Begin PBXBuildFile section */
		F22D749B1C1AA16C001D29DD /* SentMemesTableViewController.swift in Sources */ = {isa = PBXBuildFile; fileRef = F22D749A1C1AA16C001D29DD /* SentMemesTableViewController.swift */; };
		F22D749D1C1B6167001D29DD /* SentMemesCollectionViewController.swift in Sources */ = {isa = PBXBuildFile; fileRef = F22D749C1C1B6167001D29DD /* SentMemesCollectionViewController.swift */; };
		F22D74A31C1B69E9001D29DD /* SentMemesCollectionViewCell.swift in Sources */ = {isa = PBXBuildFile; fileRef = F22D74A21C1B69E9001D29DD /* SentMemesCollectionViewCell.swift */; };
		F22D74A51C1BB510001D29DD /* MemeDetailViewController.swift in Sources */ = {isa = PBXBuildFile; fileRef = F22D74A41C1BB510001D29DD /* MemeDetailViewController.swift */; };
		F29E7F451C0245B200FFBFC0 /* Meme.swift in Sources */ = {isa = PBXBuildFile; fileRef = F29E7F441C0245B200FFBFC0 /* Meme.swift */; };
		F2B36BAC1BFB804100A0AAEE /* AppDelegate.swift in Sources */ = {isa = PBXBuildFile; fileRef = F2B36BAB1BFB804100A0AAEE /* AppDelegate.swift */; };
		F2B36BAE1BFB804100A0AAEE /* MemeEditorViewController.swift in Sources */ = {isa = PBXBuildFile; fileRef = F2B36BAD1BFB804100A0AAEE /* MemeEditorViewController.swift */; };
		F2B36BB11BFB804100A0AAEE /* Main.storyboard in Resources */ = {isa = PBXBuildFile; fileRef = F2B36BAF1BFB804100A0AAEE /* Main.storyboard */; };
		F2B36BB31BFB804100A0AAEE /* Assets.xcassets in Resources */ = {isa = PBXBuildFile; fileRef = F2B36BB21BFB804100A0AAEE /* Assets.xcassets */; };
		F2B36BB61BFB804100A0AAEE /* LaunchScreen.storyboard in Resources */ = {isa = PBXBuildFile; fileRef = F2B36BB41BFB804100A0AAEE /* LaunchScreen.storyboard */; };
/* End PBXBuildFile section */

/* Begin PBXFileReference section */
		F22D749A1C1AA16C001D29DD /* SentMemesTableViewController.swift */ = {isa = PBXFileReference; fileEncoding = 4; lastKnownFileType = sourcecode.swift; path = SentMemesTableViewController.swift; sourceTree = "<group>"; };
		F22D749C1C1B6167001D29DD /* SentMemesCollectionViewController.swift */ = {isa = PBXFileReference; fileEncoding = 4; lastKnownFileType = sourcecode.swift; path = SentMemesCollectionViewController.swift; sourceTree = "<group>"; };
		F22D74A21C1B69E9001D29DD /* SentMemesCollectionViewCell.swift */ = {isa = PBXFileReference; fileEncoding = 4; lastKnownFileType = sourcecode.swift; path = SentMemesCollectionViewCell.swift; sourceTree = "<group>"; };
		F22D74A41C1BB510001D29DD /* MemeDetailViewController.swift */ = {isa = PBXFileReference; fileEncoding = 4; lastKnownFileType = sourcecode.swift; path = MemeDetailViewController.swift; sourceTree = "<group>"; };
		F29E7F441C0245B200FFBFC0 /* Meme.swift */ = {isa = PBXFileReference; fileEncoding = 4; lastKnownFileType = sourcecode.swift; path = Meme.swift; sourceTree = "<group>"; };
		F2B36BA81BFB804100A0AAEE /* MemeMe.app */ = {isa = PBXFileReference; explicitFileType = wrapper.application; includeInIndex = 0; path = MemeMe.app; sourceTree = BUILT_PRODUCTS_DIR; };
		F2B36BAB1BFB804100A0AAEE /* AppDelegate.swift */ = {isa = PBXFileReference; lastKnownFileType = sourcecode.swift; path = AppDelegate.swift; sourceTree = "<group>"; };
		F2B36BAD1BFB804100A0AAEE /* MemeEditorViewController.swift */ = {isa = PBXFileReference; lastKnownFileType = sourcecode.swift; path = MemeEditorViewController.swift; sourceTree = "<group>"; };
		F2B36BB01BFB804100A0AAEE /* Base */ = {isa = PBXFileReference; lastKnownFileType = file.storyboard; name = Base; path = Base.lproj/Main.storyboard; sourceTree = "<group>"; };
		F2B36BB21BFB804100A0AAEE /* Assets.xcassets */ = {isa = PBXFileReference; lastKnownFileType = folder.assetcatalog; path = Assets.xcassets; sourceTree = "<group>"; };
		F2B36BB51BFB804100A0AAEE /* Base */ = {isa = PBXFileReference; lastKnownFileType = file.storyboard; name = Base; path = Base.lproj/LaunchScreen.storyboard; sourceTree = "<group>"; };
		F2B36BB71BFB804100A0AAEE /* Info.plist */ = {isa = PBXFileReference; lastKnownFileType = text.plist.xml; path = Info.plist; sourceTree = "<group>"; };
/* End PBXFileReference section */

/* Begin PBXFrameworksBuildPhase section */
		F2B36BA51BFB804100A0AAEE /* Frameworks */ = {
			isa = PBXFrameworksBuildPhase;
			buildActionMask = 2147483647;
			files = (
			);
			runOnlyForDeploymentPostprocessing = 0;
		};
/* End PBXFrameworksBuildPhase section */

/* Begin PBXGroup section */
		F22B46B61C9F2BA000168777 /* Controller */ = {
			isa = PBXGroup;
			children = (
				F2B36BAD1BFB804100A0AAEE /* MemeEditorViewController.swift */,
				F22D749A1C1AA16C001D29DD /* SentMemesTableViewController.swift */,
				F22D749C1C1B6167001D29DD /* SentMemesCollectionViewController.swift */,
				F22D74A41C1BB510001D29DD /* MemeDetailViewController.swift */,
			);
			name = Controller;
			sourceTree = "<group>";
		};
		F22B46B71C9F2BB000168777 /* View */ = {
			isa = PBXGroup;
			children = (
				F22D74A21C1B69E9001D29DD /* SentMemesCollectionViewCell.swift */,
			);
			name = View;
			sourceTree = "<group>";
		};
		F22B46B81C9F2BB900168777 /* Model */ = {
			isa = PBXGroup;
			children = (
				F29E7F441C0245B200FFBFC0 /* Meme.swift */,
			);
			name = Model;
			sourceTree = "<group>";
		};
		F2B36B9F1BFB804100A0AAEE = {
			isa = PBXGroup;
			children = (
				F2B36BAA1BFB804100A0AAEE /* MemeMe */,
				F2B36BA91BFB804100A0AAEE /* Products */,
			);
			sourceTree = "<group>";
		};
		F2B36BA91BFB804100A0AAEE /* Products */ = {
			isa = PBXGroup;
			children = (
				F2B36BA81BFB804100A0AAEE /* MemeMe.app */,
			);
			name = Products;
			sourceTree = "<group>";
		};
		F2B36BAA1BFB804100A0AAEE /* MemeMe */ = {
			isa = PBXGroup;
			children = (
				F2B36BAB1BFB804100A0AAEE /* AppDelegate.swift */,
				F22B46B81C9F2BB900168777 /* Model */,
				F22B46B71C9F2BB000168777 /* View */,
				F22B46B61C9F2BA000168777 /* Controller */,
				F2B36BAF1BFB804100A0AAEE /* Main.storyboard */,
				F2B36BB71BFB804100A0AAEE /* Info.plist */,
				F2B36BB41BFB804100A0AAEE /* LaunchScreen.storyboard */,
				F2B36BB21BFB804100A0AAEE /* Assets.xcassets */,
			);
			path = MemeMe;
			sourceTree = "<group>";
		};
/* End PBXGroup section */

/* Begin PBXNativeTarget section */
		F2B36BA71BFB804100A0AAEE /* MemeMe */ = {
			isa = PBXNativeTarget;
			buildConfigurationList = F2B36BBA1BFB804100A0AAEE /* Build configuration list for PBXNativeTarget "MemeMe" */;
			buildPhases = (
				F2B36BA41BFB804100A0AAEE /* Sources */,
				F2B36BA51BFB804100A0AAEE /* Frameworks */,
				F2B36BA61BFB804100A0AAEE /* Resources */,
			);
			buildRules = (
			);
			dependencies = (
			);
			name = MemeMe;
			productName = MemeMe;
			productReference = F2B36BA81BFB804100A0AAEE /* MemeMe.app */;
			productType = "com.apple.product-type.application";
		};
/* End PBXNativeTarget section */

/* Begin PBXProject section */
		F2B36BA01BFB804100A0AAEE /* Project object */ = {
			isa = PBXProject;
			attributes = {
				LastSwiftUpdateCheck = 0710;
				LastUpgradeCheck = 0710;
				ORGANIZATIONNAME = "Chris Garvey";
				TargetAttributes = {
					F2B36BA71BFB804100A0AAEE = {
						CreatedOnToolsVersion = 7.1.1;
						DevelopmentTeam = BTP3X89UY3;
					};
				};
			};
			buildConfigurationList = F2B36BA31BFB804100A0AAEE /* Build configuration list for PBXProject "MemeMe" */;
			compatibilityVersion = "Xcode 3.2";
			developmentRegion = English;
			hasScannedForEncodings = 0;
			knownRegions = (
				en,
				Base,
			);
			mainGroup = F2B36B9F1BFB804100A0AAEE;
			productRefGroup = F2B36BA91BFB804100A0AAEE /* Products */;
			projectDirPath = "";
			projectRoot = "";
			targets = (
				F2B36BA71BFB804100A0AAEE /* MemeMe */,
			);
		};
/* End PBXProject section */

/* Begin PBXResourcesBuildPhase section */
		F2B36BA61BFB804100A0AAEE /* Resources */ = {
			isa = PBXResourcesBuildPhase;
			buildActionMask = 2147483647;
			files = (
				F2B36BB61BFB804100A0AAEE /* LaunchScreen.storyboard in Resources */,
				F2B36BB31BFB804100A0AAEE /* Assets.xcassets in Resources */,
				F2B36BB11BFB804100A0AAEE /* Main.storyboard in Resources */,
			);
			runOnlyForDeploymentPostprocessing = 0;
		};
/* End PBXResourcesBuildPhase section */

/* Begin PBXSourcesBuildPhase section */
		F2B36BA41BFB804100A0AAEE /* Sources */ = {
			isa = PBXSourcesBuildPhase;
			buildActionMask = 2147483647;
			files = (
				F29E7F451C0245B200FFBFC0 /* Meme.swift in Sources */,
				F22D749B1C1AA16C001D29DD /* SentMemesTableViewController.swift in Sources */,
				F22D749D1C1B6167001D29DD /* SentMemesCollectionViewController.swift in Sources */,
				F2B36BAE1BFB804100A0AAEE /* MemeEditorViewController.swift in Sources */,
				F22D74A51C1BB510001D29DD /* MemeDetailViewController.swift in Sources */,
				F22D74A31C1B69E9001D29DD /* SentMemesCollectionViewCell.swift in Sources */,
				F2B36BAC1BFB804100A0AAEE /* AppDelegate.swift in Sources */,
			);
			runOnlyForDeploymentPostprocessing = 0;
		};
/* End PBXSourcesBuildPhase section */

/* Begin PBXVariantGroup section */
		F2B36BAF1BFB804100A0AAEE /* Main.storyboard */ = {
			isa = PBXVariantGroup;
			children = (
				F2B36BB01BFB804100A0AAEE /* Base */,
			);
			name = Main.storyboard;
			sourceTree = "<group>";
		};
		F2B36BB41BFB804100A0AAEE /* LaunchScreen.storyboard */ = {
			isa = PBXVariantGroup;
			children = (
				F2B36BB51BFB804100A0AAEE /* Base */,
			);
			name = LaunchScreen.storyboard;
			sourceTree = "<group>";
		};
/* End PBXVariantGroup section */

/* Begin XCBuildConfiguration section */
		F2B36BB81BFB804100A0AAEE /* Debug */ = {
			isa = XCBuildConfiguration;
			buildSettings = {
				ALWAYS_SEARCH_USER_PATHS = NO;
				CLANG_CXX_LANGUAGE_STANDARD = "gnu++0x";
				CLANG_CXX_LIBRARY = "libc++";
				CLANG_ENABLE_MODULES = YES;
				CLANG_ENABLE_OBJC_ARC = YES;
				CLANG_WARN_BOOL_CONVERSION = YES;
				CLANG_WARN_CONSTANT_CONVERSION = YES;
				CLANG_WARN_DIRECT_OBJC_ISA_USAGE = YES_ERROR;
				CLANG_WARN_EMPTY_BODY = YES;
				CLANG_WARN_ENUM_CONVERSION = YES;
				CLANG_WARN_INT_CONVERSION = YES;
				CLANG_WARN_OBJC_ROOT_CLASS = YES_ERROR;
				CLANG_WARN_UNREACHABLE_CODE = YES;
				CLANG_WARN__DUPLICATE_METHOD_MATCH = YES;
				"CODE_SIGN_IDENTITY[sdk=iphoneos*]" = "iPhone Developer";
				COPY_PHASE_STRIP = NO;
				DEBUG_INFORMATION_FORMAT = dwarf;
				ENABLE_STRICT_OBJC_MSGSEND = YES;
				ENABLE_TESTABILITY = YES;
				GCC_C_LANGUAGE_STANDARD = gnu99;
				GCC_DYNAMIC_NO_PIC = NO;
				GCC_NO_COMMON_BLOCKS = YES;
				GCC_OPTIMIZATION_LEVEL = 0;
				GCC_PREPROCESSOR_DEFINITIONS = (
					"DEBUG=1",
					"$(inherited)",
				);
				GCC_WARN_64_TO_32_BIT_CONVERSION = YES;
				GCC_WARN_ABOUT_RETURN_TYPE = YES_ERROR;
				GCC_WARN_UNDECLARED_SELECTOR = YES;
				GCC_WARN_UNINITIALIZED_AUTOS = YES_AGGRESSIVE;
				GCC_WARN_UNUSED_FUNCTION = YES;
				GCC_WARN_UNUSED_VARIABLE = YES;
				IPHONEOS_DEPLOYMENT_TARGET = 9.1;
				MTL_ENABLE_DEBUG_INFO = YES;
				ONLY_ACTIVE_ARCH = YES;
				SDKROOT = iphoneos;
				SWIFT_OPTIMIZATION_LEVEL = "-Onone";
			};
			name = Debug;
		};
		F2B36BB91BFB804100A0AAEE /* Release */ = {
			isa = XCBuildConfiguration;
			buildSettings = {
				ALWAYS_SEARCH_USER_PATHS = NO;
				CLANG_CXX_LANGUAGE_STANDARD = "gnu++0x";
				CLANG_CXX_LIBRARY = "libc++";
				CLANG_ENABLE_MODULES = YES;
				CLANG_ENABLE_OBJC_ARC = YES;
				CLANG_WARN_BOOL_CONVERSION = YES;
				CLANG_WARN_CONSTANT_CONVERSION = YES;
				CLANG_WARN_DIRECT_OBJC_ISA_USAGE = YES_ERROR;
				CLANG_WARN_EMPTY_BODY = YES;
				CLANG_WARN_ENUM_CONVERSION = YES;
				CLANG_WARN_INT_CONVERSION = YES;
				CLANG_WARN_OBJC_ROOT_CLASS = YES_ERROR;
				CLANG_WARN_UNREACHABLE_CODE = YES;
				CLANG_WARN__DUPLICATE_METHOD_MATCH = YES;
				"CODE_SIGN_IDENTITY[sdk=iphoneos*]" = "iPhone Developer";
				COPY_PHASE_STRIP = NO;
				DEBUG_INFORMATION_FORMAT = "dwarf-with-dsym";
				ENABLE_NS_ASSERTIONS = NO;
				ENABLE_STRICT_OBJC_MSGSEND = YES;
				GCC_C_LANGUAGE_STANDARD = gnu99;
				GCC_NO_COMMON_BLOCKS = YES;
				GCC_WARN_64_TO_32_BIT_CONVERSION = YES;
				GCC_WARN_ABOUT_RETURN_TYPE = YES_ERROR;
				GCC_WARN_UNDECLARED_SELECTOR = YES;
				GCC_WARN_UNINITIALIZED_AUTOS = YES_AGGRESSIVE;
				GCC_WARN_UNUSED_FUNCTION = YES;
				GCC_WARN_UNUSED_VARIABLE = YES;
				IPHONEOS_DEPLOYMENT_TARGET = 9.1;
				MTL_ENABLE_DEBUG_INFO = NO;
				SDKROOT = iphoneos;
				VALIDATE_PRODUCT = YES;
			};
			name = Release;
		};
		F2B36BBB1BFB804100A0AAEE /* Debug */ = {
			isa = XCBuildConfiguration;
			buildSettings = {
				ASSETCATALOG_COMPILER_APPICON_NAME = AppIcon;
				INFOPLIST_FILE = MemeMe/Info.plist;
				LD_RUNPATH_SEARCH_PATHS = "$(inherited) @executable_path/Frameworks";
				PRODUCT_BUNDLE_IDENTIFIER = com.fantasy.MemeMe;
				PRODUCT_NAME = MemeMe;
			};
			name = Debug;
		};
		F2B36BBC1BFB804100A0AAEE /* Release */ = {
			isa = XCBuildConfiguration;
			buildSettings = {
				ASSETCATALOG_COMPILER_APPICON_NAME = AppIcon;
				INFOPLIST_FILE = MemeMe/Info.plist;
				LD_RUNPATH_SEARCH_PATHS = "$(inherited) @executable_path/Frameworks";
				PRODUCT_BUNDLE_IDENTIFIER = com.fantasy.MemeMe;
				PRODUCT_NAME = MemeMe;
			};
			name = Release;
		};
/* End XCBuildConfiguration section */

/* Begin XCConfigurationList section */
		F2B36BA31BFB804100A0AAEE /* Build configuration list for PBXProject "MemeMe" */ = {
			isa = XCConfigurationList;
			buildConfigurations = (
				F2B36BB81BFB804100A0AAEE /* Debug */,
				F2B36BB91BFB804100A0AAEE /* Release */,
			);
			defaultConfigurationIsVisible = 0;
			defaultConfigurationName = Release;
		};
		F2B36BBA1BFB804100A0AAEE /* Build configuration list for PBXNativeTarget "MemeMe" */ = {
			isa = XCConfigurationList;
			buildConfigurations = (
				F2B36BBB1BFB804100A0AAEE /* Debug */,
				F2B36BBC1BFB804100A0AAEE /* Release */,
			);
			defaultConfigurationIsVisible = 0;
			defaultConfigurationName = Release;
		};
/* End XCConfigurationList section */
	};
	rootObject = F2B36BA01BFB804100A0AAEE /* Project object */;
}
